{
	"name": "lerna-exp-a",
	"version": "0.0.1",
	"lockfileVersion": 1,
	"requires": true,
	"dependencies": {
		"lerna-exp-b": {
			"version": "0.0.1",
			"resolved": "https://registry.npmjs.org/lerna-exp-b/-/lerna-exp-b-0.0.1.tgz",
			"integrity": "sha512-qacvypRObYedqogX9MLwgWbHrw+xQbMFZivy4ZYJ6j7u/EadofkuLEoFQuO3GRMpVDbXsO2hKN/vfFyWqk69Gg=="
		}
	}
}
